{
  "version": 4,
  "terraform_version": "0.13.6",
  "serial": 7,
  "lineage": "719d9c79-7c1f-b6a3-3ac2-6283846217ea",
  "outputs": {},
  "resources": [
    {
      "module": "module.ngnix_ingress",
      "mode": "managed",
      "type": "helm_release",
      "name": "nginx_ingress",
      "provider": "provider[\"registry.terraform.io/hashicorp/helm\"]",
      "instances": [
        {
          "schema_version": 0,
          "attributes": {
            "atomic": false,
            "chart": "../example/chart/nginx-ingress",
            "cleanup_on_fail": false,
            "create_namespace": true,
            "dependency_update": false,
            "description": null,
            "devel": null,
            "disable_crd_hooks": false,
            "disable_openapi_validation": false,
            "disable_webhooks": false,
            "force_update": false,
            "id": "stable-nginx",
            "keyring": null,
            "lint": false,
            "max_history": 0,
            "metadata": [
              {
                "app_version": "1.10.0",
                "chart": "nginx-ingress",
                "name": "stable-nginx",
                "namespace": "ingress-basic",
                "revision": 1,
                "values": "{\"controller\":{\"ingressClass\":\"nginx\",\"nodeSelector\":{\"'beta.kubernetes.io/os'\":\"linux\"},\"replicaCount\":1,\"service\":{\"annotations\":{\"service.beta.kubernetes.io/azure-load-balancer-internal\":\"true\"}},\"tolerations\":[{\"effect\":\"NoExecute\",\"key\":\"value1\",\"operator\":\"Equal\",\"value\":\"value1\"}]},\"defaultBackend\":{\"nodeSelector\":{\"'beta.kubernetes.io/os'\":\"linux\"}}}",
                "version": "0.8.0"
              }
            ],
            "name": "stable-nginx",
            "namespace": "ingress-basic",
            "postrender": [],
            "recreate_pods": false,
            "render_subchart_notes": true,
            "replace": false,
            "repository": null,
            "repository_ca_file": null,
            "repository_cert_file": null,
            "repository_key_file": null,
            "repository_password": null,
            "repository_username": null,
            "reset_values": false,
            "reuse_values": false,
            "set": [
              {
                "name": "controller.nodeSelector.'beta\\.kubernetes\\.io/os'",
                "type": "",
                "value": "linux"
              },
              {
                "name": "defaultBackend.nodeSelector.'beta\\.kubernetes\\.io/os'",
                "type": "",
                "value": "linux"
              }
            ],
            "set_sensitive": [],
            "skip_crds": false,
            "status": "failed",
            "timeout": 300,
            "values": [
              "controller:\r\n  ingressClass: nginx\r\n  tolerations:\r\n    - key: value1\r\n      operator: Equal\r\n      value: value1\r\n      effect: NoExecute\r\n\r\n  replicaCount: 1\r\n  service:\r\n    annotations:\r\n      service.beta.kubernetes.io/azure-load-balancer-internal: \"true\"\r\n",
              ""
            ],
            "verify": false,
            "version": "0.8.0",
            "wait": true
          },
          "private": "bnVsbA=="
        }
      ]
    }
  ]
}
